
Microsoft Visual Studio Solution File, Format Version 12.00
# Visual Studio 15
VisualStudioVersion = 15.0.27130.2036
MinimumVisualStudioVersion = 10.0.40219.1
Project("{2150E333-8FDC-42A3-9474-1A3956D46DE8}") = "1 - UI", "1 - UI", "{1F0C6D38-8DDD-49FE-9561-E3D1C715FE2E}"
EndProject
Project("{2150E333-8FDC-42A3-9474-1A3956D46DE8}") = "2 - Domain", "2 - Domain", "{1E1C5AB2-5C7E-4866-996E-72E1A25D3B7A}"
EndProject
Project("{2150E333-8FDC-42A3-9474-1A3956D46DE8}") = "3 - Infrastructure", "3 - Infrastructure", "{04D0FA2C-F753-4FB0-BFA8-BE66E2EF73C2}"
EndProject
Project("{FAE04EC0-301F-11D3-BF4B-00C04F79EFBC}") = "SGC.ApplicationCore", "src\SGC.ApplicationCore\SGC.ApplicationCore.csproj", "{6B60D683-CD01-413E-91FE-0D8DCDCA7B2F}"
EndProject
Project("{FAE04EC0-301F-11D3-BF4B-00C04F79EFBC}") = "SGC.Infrastructure", "src\SGC.Infrastructure\SGC.Infrastructure.csproj", "{3EF991A3-5AC8-4EA4-A64E-178A86C3DAB0}"
EndProject
Project("{FAE04EC0-301F-11D3-BF4B-00C04F79EFBC}") = "SCG.UI.Web", "src\SCG.UI.Web\SCG.UI.Web.csproj", "{48B5BE00-7470-447F-A4EC-7CC59104A1E8}"
EndProject
Global
	GlobalSection(SolutionConfigurationPlatforms) = preSolution
		Debug|Any CPU = Debug|Any CPU
		Release|Any CPU = Release|Any CPU
	EndGlobalSection
	GlobalSection(ProjectConfigurationPlatforms) = postSolution
		{6B60D683-CD01-413E-91FE-0D8DCDCA7B2F}.Debug|Any CPU.ActiveCfg = Debug|Any CPU
		{6B60D683-CD01-413E-91FE-0D8DCDCA7B2F}.Debug|Any CPU.Build.0 = Debug|Any CPU
		{6B60D683-CD01-413E-91FE-0D8DCDCA7B2F}.Release|Any CPU.ActiveCfg = Release|Any CPU
		{6B60D683-CD01-413E-91FE-0D8DCDCA7B2F}.Release|Any CPU.Build.0 = Release|Any CPU
		{3EF991A3-5AC8-4EA4-A64E-178A86C3DAB0}.Debug|Any CPU.ActiveCfg = Debug|Any CPU
		{3EF991A3-5AC8-4EA4-A64E-178A86C3DAB0}.Debug|Any CPU.Build.0 = Debug|Any CPU
		{3EF991A3-5AC8-4EA4-A64E-178A86C3DAB0}.Release|Any CPU.ActiveCfg = Release|Any CPU
		{3EF991A3-5AC8-4EA4-A64E-178A86C3DAB0}.Release|Any CPU.Build.0 = Release|Any CPU
		{48B5BE00-7470-447F-A4EC-7CC59104A1E8}.Debug|Any CPU.ActiveCfg = Debug|Any CPU
		{48B5BE00-7470-447F-A4EC-7CC59104A1E8}.Debug|Any CPU.Build.0 = Debug|Any CPU
		{48B5BE00-7470-447F-A4EC-7CC59104A1E8}.Release|Any CPU.ActiveCfg = Release|Any CPU
		{48B5BE00-7470-447F-A4EC-7CC59104A1E8}.Release|Any CPU.Build.0 = Release|Any CPU
	EndGlobalSection
	GlobalSection(SolutionProperties) = preSolution
		HideSolutionNode = FALSE
	EndGlobalSection
	GlobalSection(NestedProjects) = preSolution
		{6B60D683-CD01-413E-91FE-0D8DCDCA7B2F} = {1E1C5AB2-5C7E-4866-996E-72E1A25D3B7A}
		{3EF991A3-5AC8-4EA4-A64E-178A86C3DAB0} = {04D0FA2C-F753-4FB0-BFA8-BE66E2EF73C2}
		{48B5BE00-7470-447F-A4EC-7CC59104A1E8} = {1F0C6D38-8DDD-49FE-9561-E3D1C715FE2E}
	EndGlobalSection
	GlobalSection(ExtensibilityGlobals) = postSolution
		SolutionGuid = {1FD50081-0358-40B8-AEDA-7FA7060AE6EC}
	EndGlobalSection
EndGlobal
